
Microsoft Visual Studio Solution File, Format Version 12.00
# Visual Studio Version 17
VisualStudioVersion = 17.0.32014.148
MinimumVisualStudioVersion = 10.0.40219.1
Project("{FAE04EC0-301F-11D3-BF4B-00C04F79EFBC}") = "MyHybridSite3", "MyHybridSite3.csproj", "{4FEAA76B-931D-4A8E-9FB0-9E4BD40E7FFB}"
EndProject
Global
	GlobalSection(SolutionConfigurationPlatforms) = preSolution
		Debug|Any CPU = Debug|Any CPU
		Release|Any CPU = Release|Any CPU
	EndGlobalSection
	GlobalSection(ProjectConfigurationPlatforms) = postSolution
		{4FEAA76B-931D-4A8E-9FB0-9E4BD40E7FFB}.Debug|Any CPU.ActiveCfg = Debug|Any CPU
		{4FEAA76B-931D-4A8E-9FB0-9E4BD40E7FFB}.Debug|Any CPU.Build.0 = Debug|Any CPU
		{4FEAA76B-931D-4A8E-9FB0-9E4BD40E7FFB}.Release|Any CPU.ActiveCfg = Release|Any CPU
		{4FEAA76B-931D-4A8E-9FB0-9E4BD40E7FFB}.Release|Any CPU.Build.0 = Release|Any CPU
	EndGlobalSection
	GlobalSection(SolutionProperties) = preSolution
		HideSolutionNode = FALSE
	EndGlobalSection
	GlobalSection(ExtensibilityGlobals) = postSolution
		SolutionGuid = {BB6E4E29-F695-4C24-B0D0-4C811CD06B2D}
	EndGlobalSection
EndGlobal
